
Microsoft Visual Studio Solution File, Format Version 12.00
# Visual Studio 14
VisualStudioVersion = 14.0.23107.0
MinimumVisualStudioVersion = 10.0.40219.1
Project("{8BC9CEB8-8B4A-11D0-8D11-00A0C91BC942}") = "trans_image_filter", "trans_image_filter\trans_image_filter.vcxproj", "{A14CD567-B60F-4884-9438-B8E794E2B4D0}"
EndProject
Project("{8BC9CEB8-8B4A-11D0-8D11-00A0C91BC942}") = "sample", "sample\sample.vcxproj", "{9AAA38F0-0E37-4A96-9BDA-A3E35F9B855B}"
	ProjectSection(ProjectDependencies) = postProject
		{A14CD567-B60F-4884-9438-B8E794E2B4D0} = {A14CD567-B60F-4884-9438-B8E794E2B4D0}
	EndProjectSection
EndProject
Global
	GlobalSection(SolutionConfigurationPlatforms) = preSolution
		Debug|x64 = Debug|x64
		Debug|x86 = Debug|x86
		Release|x64 = Release|x64
		Release|x86 = Release|x86
	EndGlobalSection
	GlobalSection(ProjectConfigurationPlatforms) = postSolution
		{A14CD567-B60F-4884-9438-B8E794E2B4D0}.Debug|x64.ActiveCfg = Debug|x64
		{A14CD567-B60F-4884-9438-B8E794E2B4D0}.Debug|x64.Build.0 = Debug|x64
		{A14CD567-B60F-4884-9438-B8E794E2B4D0}.Debug|x86.ActiveCfg = Debug|Win32
		{A14CD567-B60F-4884-9438-B8E794E2B4D0}.Debug|x86.Build.0 = Debug|Win32
		{A14CD567-B60F-4884-9438-B8E794E2B4D0}.Release|x64.ActiveCfg = Release|x64
		{A14CD567-B60F-4884-9438-B8E794E2B4D0}.Release|x64.Build.0 = Release|x64
		{A14CD567-B60F-4884-9438-B8E794E2B4D0}.Release|x86.ActiveCfg = Release|Win32
		{A14CD567-B60F-4884-9438-B8E794E2B4D0}.Release|x86.Build.0 = Release|Win32
		{9AAA38F0-0E37-4A96-9BDA-A3E35F9B855B}.Debug|x64.ActiveCfg = Debug|x64
		{9AAA38F0-0E37-4A96-9BDA-A3E35F9B855B}.Debug|x64.Build.0 = Debug|x64
		{9AAA38F0-0E37-4A96-9BDA-A3E35F9B855B}.Debug|x86.ActiveCfg = Debug|Win32
		{9AAA38F0-0E37-4A96-9BDA-A3E35F9B855B}.Debug|x86.Build.0 = Debug|Win32
		{9AAA38F0-0E37-4A96-9BDA-A3E35F9B855B}.Release|x64.ActiveCfg = Release|x64
		{9AAA38F0-0E37-4A96-9BDA-A3E35F9B855B}.Release|x64.Build.0 = Release|x64
		{9AAA38F0-0E37-4A96-9BDA-A3E35F9B855B}.Release|x86.ActiveCfg = Release|Win32
		{9AAA38F0-0E37-4A96-9BDA-A3E35F9B855B}.Release|x86.Build.0 = Release|Win32
	EndGlobalSection
	GlobalSection(SolutionProperties) = preSolution
		HideSolutionNode = FALSE
	EndGlobalSection
EndGlobal
